
Microsoft Visual Studio Solution File, Format Version 12.00
# Visual Studio Version 17
VisualStudioVersion = 17.3.32922.545
MinimumVisualStudioVersion = 10.0.40219.1
Project("{9A19103F-16F7-4668-BE54-9A1E7A4F7556}") = "chat", "chat\chat.csproj", "{5100BC09-2E97-434C-8CD7-4B828974750B}"
EndProject
Project("{54435603-DBB4-11D2-8724-00A0C9A8B90C}") = "Installer", "Installer\Installer.vdproj", "{CDB26EF8-44F8-4D93-BB1B-DF8CF1FD8B7F}"
EndProject
Global
	GlobalSection(SolutionConfigurationPlatforms) = preSolution
		Debug|Any CPU = Debug|Any CPU
		Release|Any CPU = Release|Any CPU
	EndGlobalSection
	GlobalSection(ProjectConfigurationPlatforms) = postSolution
		{5100BC09-2E97-434C-8CD7-4B828974750B}.Debug|Any CPU.ActiveCfg = Debug|Any CPU
		{5100BC09-2E97-434C-8CD7-4B828974750B}.Debug|Any CPU.Build.0 = Debug|Any CPU
		{5100BC09-2E97-434C-8CD7-4B828974750B}.Release|Any CPU.ActiveCfg = Release|Any CPU
		{5100BC09-2E97-434C-8CD7-4B828974750B}.Release|Any CPU.Build.0 = Release|Any CPU
		{CDB26EF8-44F8-4D93-BB1B-DF8CF1FD8B7F}.Debug|Any CPU.ActiveCfg = Debug
		{CDB26EF8-44F8-4D93-BB1B-DF8CF1FD8B7F}.Release|Any CPU.ActiveCfg = Release
	EndGlobalSection
	GlobalSection(SolutionProperties) = preSolution
		HideSolutionNode = FALSE
	EndGlobalSection
	GlobalSection(ExtensibilityGlobals) = postSolution
		SolutionGuid = {DFA43344-F87F-4315-97A9-4C9A87128704}
	EndGlobalSection
EndGlobal
